# THIS IS AN AUTOGENERATED FILE. DO NOT EDIT THIS FILE DIRECTLY.
# yarn lockfile v1


react-native-safe-area-context@^4.9.0:
  version "4.9.0"
  resolved "https://registry.yarnpkg.com/react-native-safe-area-context/-/react-native-safe-area-context-4.9.0.tgz#21a570ca3594cb4259ba65f93befaa60d91bcbd0"
  integrity sha512-/OJD9Pb8IURyvn+1tWTszWPJqsbZ4hyHBU9P0xhOmk7h5owSuqL0zkfagU0pg7Vh0G2NKQkaPpUKUMMCUMDh/w==
